
Microsoft Visual Studio Solution File, Format Version 12.00
# Visual Studio Version 16
VisualStudioVersion = 16.0.31402.337
MinimumVisualStudioVersion = 10.0.40219.1
Project("{FAE04EC0-301F-11D3-BF4B-00C04F79EFBC}") = "WSDistribuidor", "WSDistribuidor\WSDistribuidor.csproj", "{3D55BA73-1D06-49F8-95E5-41E9B5C34CCF}"
EndProject
Global
	GlobalSection(SolutionConfigurationPlatforms) = preSolution
		Debug|Any CPU = Debug|Any CPU
		Release|Any CPU = Release|Any CPU
	EndGlobalSection
	GlobalSection(ProjectConfigurationPlatforms) = postSolution
		{3D55BA73-1D06-49F8-95E5-41E9B5C34CCF}.Debug|Any CPU.ActiveCfg = Debug|Any CPU
		{3D55BA73-1D06-49F8-95E5-41E9B5C34CCF}.Debug|Any CPU.Build.0 = Debug|Any CPU
		{3D55BA73-1D06-49F8-95E5-41E9B5C34CCF}.Release|Any CPU.ActiveCfg = Release|Any CPU
		{3D55BA73-1D06-49F8-95E5-41E9B5C34CCF}.Release|Any CPU.Build.0 = Release|Any CPU
	EndGlobalSection
	GlobalSection(SolutionProperties) = preSolution
		HideSolutionNode = FALSE
	EndGlobalSection
	GlobalSection(ExtensibilityGlobals) = postSolution
		SolutionGuid = {62A74584-EC58-4573-918C-D5ED3184AFDF}
	EndGlobalSection
EndGlobal
